{
  "sources": {
    "heroku": {
      "path": "./site-cookbooks/heroku"
    },
    "rbenv": {
      "locked_version": "0.7.3",
      "git": "git://github.com/fnichol/chef-rbenv.git",
      "ref": "9afb4e5da2e6212504a12de3bbbd410cd96100f6"
    },
    "zsh": {
      "locked_version": "1.0.0"
    },
    "dev-users": {
      "path": "./site-cookbooks/dev-users"
    },
    "ruby_build": {
      "locked_version": "0.8.0"
    },
    "java": {
      "locked_version": "1.13.0"
    },
    "windows": {
      "locked_version": "1.10.0"
    },
    "chef_handler": {
      "locked_version": "1.1.4"
    },
    "users": {
      "locked_version": "1.5.2"
    }
  }
}
